
Microsoft Visual Studio Solution File, Format Version 12.00
# Visual Studio 14
VisualStudioVersion = 14.0.25420.1
MinimumVisualStudioVersion = 10.0.40219.1
Project("{FAE04EC0-301F-11D3-BF4B-00C04F79EFBC}") = "WebApp", "WebApp\WebApp.csproj", "{1EF9495C-622C-45F5-B579-2BA1C4E81567}"
EndProject
Project("{FAE04EC0-301F-11D3-BF4B-00C04F79EFBC}") = "Respository", "Respository\Respository.csproj", "{B7A8810D-DC9D-4FED-BB74-F7DFD71AB3DC}"
EndProject
Global
	GlobalSection(SolutionConfigurationPlatforms) = preSolution
		Debug|Any CPU = Debug|Any CPU
		Release|Any CPU = Release|Any CPU
	EndGlobalSection
	GlobalSection(ProjectConfigurationPlatforms) = postSolution
		{1EF9495C-622C-45F5-B579-2BA1C4E81567}.Debug|Any CPU.ActiveCfg = Debug|Any CPU
		{1EF9495C-622C-45F5-B579-2BA1C4E81567}.Debug|Any CPU.Build.0 = Debug|Any CPU
		{1EF9495C-622C-45F5-B579-2BA1C4E81567}.Release|Any CPU.ActiveCfg = Release|Any CPU
		{1EF9495C-622C-45F5-B579-2BA1C4E81567}.Release|Any CPU.Build.0 = Release|Any CPU
		{B7A8810D-DC9D-4FED-BB74-F7DFD71AB3DC}.Debug|Any CPU.ActiveCfg = Debug|Any CPU
		{B7A8810D-DC9D-4FED-BB74-F7DFD71AB3DC}.Debug|Any CPU.Build.0 = Debug|Any CPU
		{B7A8810D-DC9D-4FED-BB74-F7DFD71AB3DC}.Release|Any CPU.ActiveCfg = Release|Any CPU
		{B7A8810D-DC9D-4FED-BB74-F7DFD71AB3DC}.Release|Any CPU.Build.0 = Release|Any CPU
	EndGlobalSection
	GlobalSection(SolutionProperties) = preSolution
		HideSolutionNode = FALSE
	EndGlobalSection
EndGlobal
